
Microsoft Visual Studio Solution File, Format Version 12.00
# Visual Studio Version 17
VisualStudioVersion = 17.7.34024.191
MinimumVisualStudioVersion = 10.0.40219.1
Project("{FAE04EC0-301F-11D3-BF4B-00C04F79EFBC}") = "minimalAPIPeliculas", "minimalAPIPeliculas\minimalAPIPeliculas.csproj", "{480AFC08-2498-424A-A411-1A77950A7D2F}"
EndProject
Global
	GlobalSection(SolutionConfigurationPlatforms) = preSolution
		Debug|Any CPU = Debug|Any CPU
		Release|Any CPU = Release|Any CPU
	EndGlobalSection
	GlobalSection(ProjectConfigurationPlatforms) = postSolution
		{480AFC08-2498-424A-A411-1A77950A7D2F}.Debug|Any CPU.ActiveCfg = Debug|Any CPU
		{480AFC08-2498-424A-A411-1A77950A7D2F}.Debug|Any CPU.Build.0 = Debug|Any CPU
		{480AFC08-2498-424A-A411-1A77950A7D2F}.Release|Any CPU.ActiveCfg = Release|Any CPU
		{480AFC08-2498-424A-A411-1A77950A7D2F}.Release|Any CPU.Build.0 = Release|Any CPU
	EndGlobalSection
	GlobalSection(SolutionProperties) = preSolution
		HideSolutionNode = FALSE
	EndGlobalSection
	GlobalSection(ExtensibilityGlobals) = postSolution
		SolutionGuid = {318E7E48-A13C-4532-857D-7BCC7D8DFE01}
	EndGlobalSection
EndGlobal
